
Microsoft Visual Studio Solution File, Format Version 12.00
# Visual Studio 15
VisualStudioVersion = 15.0.27703.2047
MinimumVisualStudioVersion = 10.0.40219.1
Project("{FAE04EC0-301F-11D3-BF4B-00C04F79EFBC}") = "Tsk1OddNumber", "Tsk1OddNumber\Tsk1OddNumber.csproj", "{FCE5371E-924D-4962-938C-1099698368D3}"
EndProject
Global
	GlobalSection(SolutionConfigurationPlatforms) = preSolution
		Debug|Any CPU = Debug|Any CPU
		Release|Any CPU = Release|Any CPU
	EndGlobalSection
	GlobalSection(ProjectConfigurationPlatforms) = postSolution
		{FCE5371E-924D-4962-938C-1099698368D3}.Debug|Any CPU.ActiveCfg = Debug|Any CPU
		{FCE5371E-924D-4962-938C-1099698368D3}.Debug|Any CPU.Build.0 = Debug|Any CPU
		{FCE5371E-924D-4962-938C-1099698368D3}.Release|Any CPU.ActiveCfg = Release|Any CPU
		{FCE5371E-924D-4962-938C-1099698368D3}.Release|Any CPU.Build.0 = Release|Any CPU
	EndGlobalSection
	GlobalSection(SolutionProperties) = preSolution
		HideSolutionNode = FALSE
	EndGlobalSection
	GlobalSection(ExtensibilityGlobals) = postSolution
		SolutionGuid = {491099B7-92E6-4D62-BE09-60896D872F00}
	EndGlobalSection
EndGlobal
